// !$*UTF8*$!
{
	archiveVersion = 1;
	classes = {
	};
	objectVersion = 56;
	objects = {

/* Begin PBXBuildFile section */
		86DCFFC72A5FFCF400C18F6A /* ResourcePath.mm in Sources */ = {isa = PBXBuildFile; fileRef = 86DCFFC62A5FFCF400C18F6A /* ResourcePath.mm */; };
		86DCFFCA2A5FFCF400C18F6A /* main.cpp in Sources */ = {isa = PBXBuildFile; fileRef = 86DCFFC92A5FFCF400C18F6A /* main.cpp */; };
		86DCFFCD2A5FFCF400C18F6A /* cute_image.jpg in Resources */ = {isa = PBXBuildFile; fileRef = 86DCFFCC2A5FFCF400C18F6A /* cute_image.jpg */; };
		86DCFFCF2A5FFCF400C18F6A /* nice_music.ogg in Resources */ = {isa = PBXBuildFile; fileRef = 86DCFFCE2A5FFCF400C18F6A /* nice_music.ogg */; };
		86DCFFD12A5FFCF400C18F6A /* sansation.ttf in Resources */ = {isa = PBXBuildFile; fileRef = 86DCFFD02A5FFCF400C18F6A /* sansation.ttf */; };
		86DCFFD32A5FFCF400C18F6A /* icon.png in Resources */ = {isa = PBXBuildFile; fileRef = 86DCFFD22A5FFCF400C18F6A /* icon.png */; };
/* End PBXBuildFile section */

/* Begin PBXFileReference section */
		8671F8A72A65E10C00F5771E /* mission.h */ = {isa = PBXFileReference; lastKnownFileType = sourcecode.c.h; path = mission.h; sourceTree = "<group>"; };
		86AB20092A60ACB000963913 /* view.h */ = {isa = PBXFileReference; fileEncoding = 4; lastKnownFileType = sourcecode.c.h; path = view.h; sourceTree = "<group>"; };
		86AB200A2A60ACBA00963913 /* map.h */ = {isa = PBXFileReference; fileEncoding = 4; lastKnownFileType = sourcecode.c.h; path = map.h; sourceTree = "<group>"; };
		86DCFFC12A5FFCF400C18F6A /* ninja.app */ = {isa = PBXFileReference; explicitFileType = wrapper.application; includeInIndex = 0; path = ninja.app; sourceTree = BUILT_PRODUCTS_DIR; };
		86DCFFC52A5FFCF400C18F6A /* ninja-Info.plist */ = {isa = PBXFileReference; lastKnownFileType = text.plist.xml; name = "ninja-Info.plist"; path = "../ninja-Info.plist"; sourceTree = "<group>"; };
		86DCFFC62A5FFCF400C18F6A /* ResourcePath.mm */ = {isa = PBXFileReference; lastKnownFileType = sourcecode.cpp.objcpp; path = ResourcePath.mm; sourceTree = "<group>"; };
		86DCFFC82A5FFCF400C18F6A /* ResourcePath.hpp */ = {isa = PBXFileReference; lastKnownFileType = sourcecode.cpp.h; path = ResourcePath.hpp; sourceTree = "<group>"; };
		86DCFFC92A5FFCF400C18F6A /* main.cpp */ = {isa = PBXFileReference; lastKnownFileType = sourcecode.cpp.cpp; path = main.cpp; sourceTree = "<group>"; };
		86DCFFCC2A5FFCF400C18F6A /* cute_image.jpg */ = {isa = PBXFileReference; lastKnownFileType = image.jpeg; name = cute_image.jpg; path = ../cute_image.jpg; sourceTree = "<group>"; };
		86DCFFCE2A5FFCF400C18F6A /* nice_music.ogg */ = {isa = PBXFileReference; lastKnownFileType = file; name = nice_music.ogg; path = ../nice_music.ogg; sourceTree = "<group>"; };
		86DCFFD02A5FFCF400C18F6A /* sansation.ttf */ = {isa = PBXFileReference; lastKnownFileType = file; name = sansation.ttf; path = ../sansation.ttf; sourceTree = "<group>"; };
		86DCFFD22A5FFCF400C18F6A /* icon.png */ = {isa = PBXFileReference; lastKnownFileType = image.png; name = icon.png; path = ../icon.png; sourceTree = "<group>"; };
/* End PBXFileReference section */

/* Begin PBXFrameworksBuildPhase section */
		86DCFFBD2A5FFCF400C18F6A /* Frameworks */ = {
			isa = PBXFrameworksBuildPhase;
			buildActionMask = 2147483647;
			files = (
			);
			runOnlyForDeploymentPostprocessing = 0;
		};
/* End PBXFrameworksBuildPhase section */

/* Begin PBXGroup section */
		86DCFFB72A5FFCF400C18F6A = {
			isa = PBXGroup;
			children = (
				86DCFFC32A5FFCF400C18F6A /* ninja */,
				86DCFFC22A5FFCF400C18F6A /* Products */,
			);
			sourceTree = "<group>";
		};
		86DCFFC22A5FFCF400C18F6A /* Products */ = {
			isa = PBXGroup;
			children = (
				86DCFFC12A5FFCF400C18F6A /* ninja.app */,
			);
			name = Products;
			sourceTree = "<group>";
		};
		86DCFFC32A5FFCF400C18F6A /* ninja */ = {
			isa = PBXGroup;
			children = (
				86AB200A2A60ACBA00963913 /* map.h */,
				86AB20092A60ACB000963913 /* view.h */,
				8671F8A72A65E10C00F5771E /* mission.h */,
				86DCFFC82A5FFCF400C18F6A /* ResourcePath.hpp */,
				86DCFFC62A5FFCF400C18F6A /* ResourcePath.mm */,
				86DCFFC92A5FFCF400C18F6A /* main.cpp */,
				86DCFFCB2A5FFCF400C18F6A /* Resources */,
				86DCFFC42A5FFCF400C18F6A /* Supporting Files */,
			);
			path = ninja;
			sourceTree = "<group>";
		};
		86DCFFC42A5FFCF400C18F6A /* Supporting Files */ = {
			isa = PBXGroup;
			children = (
				86DCFFC52A5FFCF400C18F6A /* ninja-Info.plist */,
			);
			path = "Supporting Files";
			sourceTree = "<group>";
		};
		86DCFFCB2A5FFCF400C18F6A /* Resources */ = {
			isa = PBXGroup;
			children = (
				86DCFFCC2A5FFCF400C18F6A /* cute_image.jpg */,
				86DCFFCE2A5FFCF400C18F6A /* nice_music.ogg */,
				86DCFFD02A5FFCF400C18F6A /* sansation.ttf */,
				86DCFFD22A5FFCF400C18F6A /* icon.png */,
			);
			path = Resources;
			sourceTree = "<group>";
		};
/* End PBXGroup section */

/* Begin PBXNativeTarget section */
		86DCFFC02A5FFCF400C18F6A /* ninja */ = {
			isa = PBXNativeTarget;
			buildConfigurationList = 86DCFFD62A5FFCF400C18F6A /* Build configuration list for PBXNativeTarget "ninja" */;
			buildPhases = (
				86DCFFBC2A5FFCF400C18F6A /* Sources */,
				86DCFFBD2A5FFCF400C18F6A /* Frameworks */,
				86DCFFBE2A5FFCF400C18F6A /* Resources */,
				86DCFFBF2A5FFCF400C18F6A /* ShellScript */,
			);
			buildRules = (
			);
			dependencies = (
			);
			name = ninja;
			productName = ninja;
			productReference = 86DCFFC12A5FFCF400C18F6A /* ninja.app */;
			productType = "com.apple.product-type.application";
		};
/* End PBXNativeTarget section */

/* Begin PBXProject section */
		86DCFFB82A5FFCF400C18F6A /* Project object */ = {
			isa = PBXProject;
			attributes = {
				BuildIndependentTargetsInParallel = 1;
				LastUpgradeCheck = 1430;
				ORGANIZATIONNAME = devil;
				TargetAttributes = {
					86DCFFC02A5FFCF400C18F6A = {
						CreatedOnToolsVersion = 14.3.1;
					};
				};
			};
			buildConfigurationList = 86DCFFBB2A5FFCF400C18F6A /* Build configuration list for PBXProject "ninja" */;
			compatibilityVersion = "Xcode 14.0";
			developmentRegion = en;
			hasScannedForEncodings = 0;
			knownRegions = (
				en,
				Base,
			);
			mainGroup = 86DCFFB72A5FFCF400C18F6A;
			productRefGroup = 86DCFFC22A5FFCF400C18F6A /* Products */;
			projectDirPath = "";
			projectRoot = "";
			targets = (
				86DCFFC02A5FFCF400C18F6A /* ninja */,
			);
		};
/* End PBXProject section */

/* Begin PBXResourcesBuildPhase section */
		86DCFFBE2A5FFCF400C18F6A /* Resources */ = {
			isa = PBXResourcesBuildPhase;
			buildActionMask = 2147483647;
			files = (
				86DCFFD32A5FFCF400C18F6A /* icon.png in Resources */,
				86DCFFD12A5FFCF400C18F6A /* sansation.ttf in Resources */,
				86DCFFCF2A5FFCF400C18F6A /* nice_music.ogg in Resources */,
				86DCFFCD2A5FFCF400C18F6A /* cute_image.jpg in Resources */,
			);
			runOnlyForDeploymentPostprocessing = 0;
		};
/* End PBXResourcesBuildPhase section */

/* Begin PBXShellScriptBuildPhase section */
		86DCFFBF2A5FFCF400C18F6A /* ShellScript */ = {
			isa = PBXShellScriptBuildPhase;
			buildActionMask = 8;
			files = (
			);
			inputFileListPaths = (
			);
			inputPaths = (
			);
			outputFileListPaths = (
			);
			outputPaths = (
			);
			runOnlyForDeploymentPostprocessing = 1;
			shellPath = /bin/sh;
			shellScript = "
";
		};
/* End PBXShellScriptBuildPhase section */

/* Begin PBXSourcesBuildPhase section */
		86DCFFBC2A5FFCF400C18F6A /* Sources */ = {
			isa = PBXSourcesBuildPhase;
			buildActionMask = 2147483647;
			files = (
				86DCFFCA2A5FFCF400C18F6A /* main.cpp in Sources */,
				86DCFFC72A5FFCF400C18F6A /* ResourcePath.mm in Sources */,
			);
			runOnlyForDeploymentPostprocessing = 0;
		};
/* End PBXSourcesBuildPhase section */

/* Begin XCBuildConfiguration section */
		86DCFFD42A5FFCF400C18F6A /* Debug */ = {
			isa = XCBuildConfiguration;
			buildSettings = {
				ARCHS = "$(NATIVE_ARCH_ACTUAL)";
				CLANG_CXX_LANGUAGE_STANDARD = "c++11";
				CLANG_CXX_LIBRARY = "libc++";
				FRAMEWORK_SEARCH_PATHS = (
					/Library/Frameworks/,
					"$(inherited)",
				);
				GCC_VERSION = com.apple.compilers.llvm.clang.1_0;
				HEADER_SEARCH_PATHS = (
					/usr/local/include/,
					"$(inherited)",
				);
				LIBRARY_SEARCH_PATHS = (
					/usr/local/lib/,
					"$(inherited)",
				);
				MACOSX_DEPLOYMENT_TARGET = 10.7;
				OTHER_LDFLAGS = (
					"$(inherited)",
					"$(SFML_SYSTEM)",
					"$(SFML_WINDOW)",
					"$(SFML_GRAPHICS)",
					"$(SFML_AUDIO)",
					"$(SFML_NETWORK)",
				);
				SFML_AUDIO = "$(SFML_LINK_PREFIX) sfml-audio$(SFML_LINK_SUFFIX)";
				SFML_BINARY_TYPE = FRAMEWORKS;
				SFML_GRAPHICS = "$(SFML_LINK_PREFIX) sfml-graphics$(SFML_LINK_SUFFIX)";
				SFML_LINK_DYLIBS_PREFIX = "-l";
				SFML_LINK_DYLIBS_SUFFIX = "";
				SFML_LINK_FRAMEWORKS_PREFIX = "-framework";
				SFML_LINK_FRAMEWORKS_SUFFIX = "";
				SFML_LINK_PREFIX = "$(SFML_LINK_$(SFML_BINARY_TYPE)_PREFIX)";
				SFML_LINK_SUFFIX = "$(SFML_LINK_$(SFML_BINARY_TYPE)_SUFFIX)";
				SFML_NETWORK = "";
				SFML_SYSTEM = "$(SFML_LINK_PREFIX) sfml-system$(SFML_LINK_SUFFIX)";
				SFML_WINDOW = "$(SFML_LINK_PREFIX) sfml-window$(SFML_LINK_SUFFIX)";
				SUPPORTED_PLATFORMS = macosx;
			};
			name = Debug;
		};
		86DCFFD52A5FFCF400C18F6A /* Release */ = {
			isa = XCBuildConfiguration;
			buildSettings = {
				ARCHS = "$(NATIVE_ARCH_ACTUAL)";
				CLANG_CXX_LANGUAGE_STANDARD = "c++11";
				CLANG_CXX_LIBRARY = "libc++";
				FRAMEWORK_SEARCH_PATHS = (
					/Library/Frameworks/,
					"$(inherited)",
				);
				GCC_VERSION = com.apple.compilers.llvm.clang.1_0;
				HEADER_SEARCH_PATHS = (
					/usr/local/include/,
					"$(inherited)",
				);
				LIBRARY_SEARCH_PATHS = (
					/usr/local/lib/,
					"$(inherited)",
				);
				MACOSX_DEPLOYMENT_TARGET = 10.7;
				OTHER_LDFLAGS = (
					"$(inherited)",
					"$(SFML_SYSTEM)",
					"$(SFML_WINDOW)",
					"$(SFML_GRAPHICS)",
					"$(SFML_AUDIO)",
					"$(SFML_NETWORK)",
				);
				SFML_AUDIO = "$(SFML_LINK_PREFIX) sfml-audio$(SFML_LINK_SUFFIX)";
				SFML_BINARY_TYPE = FRAMEWORKS;
				SFML_GRAPHICS = "$(SFML_LINK_PREFIX) sfml-graphics$(SFML_LINK_SUFFIX)";
				SFML_LINK_DYLIBS_PREFIX = "-l";
				SFML_LINK_DYLIBS_SUFFIX = "";
				SFML_LINK_FRAMEWORKS_PREFIX = "-framework";
				SFML_LINK_FRAMEWORKS_SUFFIX = "";
				SFML_LINK_PREFIX = "$(SFML_LINK_$(SFML_BINARY_TYPE)_PREFIX)";
				SFML_LINK_SUFFIX = "$(SFML_LINK_$(SFML_BINARY_TYPE)_SUFFIX)";
				SFML_NETWORK = "";
				SFML_SYSTEM = "$(SFML_LINK_PREFIX) sfml-system$(SFML_LINK_SUFFIX)";
				SFML_WINDOW = "$(SFML_LINK_PREFIX) sfml-window$(SFML_LINK_SUFFIX)";
				SUPPORTED_PLATFORMS = macosx;
			};
			name = Release;
		};
		86DCFFD72A5FFCF400C18F6A /* Debug */ = {
			isa = XCBuildConfiguration;
			buildSettings = {
				ALLOW_TARGET_PLATFORM_SPECIALIZATION = YES;
				ALWAYS_SEARCH_USER_PATHS = NO;
				ARCHS = "$(ARCHS_STANDARD)";
				CODE_SIGN_STYLE = Automatic;
				EXCLUDED_ARCHS = arm64;
				INFOPLIST_FILE = "ninja/ninja-Info.plist";
				LD_RUNPATH_SEARCH_PATHS = "@loader_path/../Frameworks";
				MACOSX_DEPLOYMENT_TARGET = 13.3;
				PRODUCT_BUNDLE_IDENTIFIER = time.ninja;
				PRODUCT_NAME = "$(TARGET_NAME)";
				SUPPORTED_PLATFORMS = macosx;
				SUPPORTS_MACCATALYST = YES;
			};
			name = Debug;
		};
		86DCFFD82A5FFCF400C18F6A /* Release */ = {
			isa = XCBuildConfiguration;
			buildSettings = {
				ALLOW_TARGET_PLATFORM_SPECIALIZATION = YES;
				ALWAYS_SEARCH_USER_PATHS = NO;
				ARCHS = "$(ARCHS_STANDARD)";
				CODE_SIGN_STYLE = Automatic;
				EXCLUDED_ARCHS = arm64;
				INFOPLIST_FILE = "ninja/ninja-Info.plist";
				LD_RUNPATH_SEARCH_PATHS = "@loader_path/../Frameworks";
				MACOSX_DEPLOYMENT_TARGET = 13.3;
				PRODUCT_BUNDLE_IDENTIFIER = time.ninja;
				PRODUCT_NAME = "$(TARGET_NAME)";
				SUPPORTED_PLATFORMS = macosx;
				SUPPORTS_MACCATALYST = YES;
			};
			name = Release;
		};
/* End XCBuildConfiguration section */

/* Begin XCConfigurationList section */
		86DCFFBB2A5FFCF400C18F6A /* Build configuration list for PBXProject "ninja" */ = {
			isa = XCConfigurationList;
			buildConfigurations = (
				86DCFFD42A5FFCF400C18F6A /* Debug */,
				86DCFFD52A5FFCF400C18F6A /* Release */,
			);
			defaultConfigurationIsVisible = 0;
			defaultConfigurationName = Release;
		};
		86DCFFD62A5FFCF400C18F6A /* Build configuration list for PBXNativeTarget "ninja" */ = {
			isa = XCConfigurationList;
			buildConfigurations = (
				86DCFFD72A5FFCF400C18F6A /* Debug */,
				86DCFFD82A5FFCF400C18F6A /* Release */,
			);
			defaultConfigurationIsVisible = 0;
			defaultConfigurationName = Release;
		};
/* End XCConfigurationList section */
	};
	rootObject = 86DCFFB82A5FFCF400C18F6A /* Project object */;
}
